<Solution>

  <Folder Name="/build/">
    <File Path=".editorconfig" />
    <File Path="Directory.Build.props" />
    <File Path="Directory.Packages.props" />
    <File Path="global.json" />
  </Folder>

  <Folder Name="/lib/" />

  <Folder Name="/lib/LiveSplit/">
    <Project Path="lib/LiveSplit/src/LiveSplit.Core/LiveSplit.Core.csproj" />
    <Project Path="lib/LiveSplit/src/LiveSplit.View/LiveSplit.View.csproj" />
  </Folder>

  <Folder Name="/lib/LiveSplit/components/">
    <Project Path="lib/LiveSplit/components/LiveSplit.ScriptableAutoSplit/src/LiveSplit.ScriptableAutoSplit/LiveSplit.ScriptableAutoSplit.csproj" />
  </Folder>

  <Folder Name="/src/" />

  <Folder Name="/src/core/">
    <Project Path="src/core/AslHelp/AslHelp.csproj" />
  </Folder>

  <Folder Name="/test/" />

  <Folder Name="/test/core/">
    <Project Path="test/core/AslHelp.Tests/AslHelp.Tests.csproj" />
  </Folder>

</Solution>
