
Microsoft Visual Studio Solution File, Format Version 12.00
# Visual Studio Version 17
VisualStudioVersion = 17.0.31903.59
MinimumVisualStudioVersion = 10.0.40219.1
Project("{9A19103F-16F7-4668-BE54-9A1E7A4F7556}") = "asl-help-unity", "src\Unity\asl-help-unity.csproj", "{2B99D46A-C169-4CD4-B038-D94BF0C206EC}"
EndProject
Project("{2150E333-8FDC-42A3-9474-1A3956D46DE8}") = "src", "src", "{A14C8A6B-F58F-4C04-B820-B0579FFCD735}"
EndProject
Project("{FAE04EC0-301F-11D3-BF4B-00C04F79EFBC}") = "AslHelp.Collections", "src\AslHelp.Collections\AslHelp.Collections.csproj", "{923F257A-845E-4269-AB8A-FFF562EC634F}"
EndProject
Project("{FAE04EC0-301F-11D3-BF4B-00C04F79EFBC}") = "AslHelp.Shared", "src\AslHelp.Shared\AslHelp.Shared.csproj", "{02FC3A43-E002-4FA3-844D-BE59F7397447}"
EndProject
Project("{FAE04EC0-301F-11D3-BF4B-00C04F79EFBC}") = "AslHelp.Memory", "src\AslHelp.Memory\AslHelp.Memory.csproj", "{006C6CB4-61C0-4924-8804-0097141F2024}"
EndProject
Project("{2150E333-8FDC-42A3-9474-1A3956D46DE8}") = "impl", "impl", "{E4704941-4160-4E34-B8F9-E31EC63C2B2F}"
EndProject
Project("{FAE04EC0-301F-11D3-BF4B-00C04F79EFBC}") = "AslHelp.LiveSplit", "src\AslHelp.LiveSplit\AslHelp.LiveSplit.csproj", "{115F5F06-1FC6-4DBF-AF79-E04E4CF412ED}"
EndProject
Project("{FAE04EC0-301F-11D3-BF4B-00C04F79EFBC}") = "AslHelp.IO", "src\AslHelp.IO\AslHelp.IO.csproj", "{43888091-87E7-4A49-A07D-6FBB988BD46C}"
EndProject
Project("{FAE04EC0-301F-11D3-BF4B-00C04F79EFBC}") = "AslHelp.Basic", "impl\AslHelp.Basic\AslHelp.Basic.csproj", "{9B98E947-4724-41A4-B9DB-1F831D6C8FFF}"
EndProject
Project("{FAE04EC0-301F-11D3-BF4B-00C04F79EFBC}") = "AslHelp.Unity", "impl\AslHelp.Unity\AslHelp.Unity.csproj", "{3B328D5B-1D55-4A03-9A25-E83F29BA5F57}"
EndProject
Project("{FAE04EC0-301F-11D3-BF4B-00C04F79EFBC}") = "AslHelp.GameEngines", "src\AslHelp.GameEngines\AslHelp.GameEngines.csproj", "{A4E166D5-9CB1-4431-BA11-2B5E62C0C0B7}"
EndProject
Global
	GlobalSection(SolutionConfigurationPlatforms) = preSolution
		Debug|Any CPU = Debug|Any CPU
		Release|Any CPU = Release|Any CPU
	EndGlobalSection
	GlobalSection(ProjectConfigurationPlatforms) = postSolution
		{2B99D46A-C169-4CD4-B038-D94BF0C206EC}.Debug|Any CPU.ActiveCfg = Debug|Any CPU
		{2B99D46A-C169-4CD4-B038-D94BF0C206EC}.Debug|Any CPU.Build.0 = Debug|Any CPU
		{2B99D46A-C169-4CD4-B038-D94BF0C206EC}.Release|Any CPU.ActiveCfg = Release|Any CPU
		{2B99D46A-C169-4CD4-B038-D94BF0C206EC}.Release|Any CPU.Build.0 = Release|Any CPU
		{923F257A-845E-4269-AB8A-FFF562EC634F}.Debug|Any CPU.ActiveCfg = Debug|Any CPU
		{923F257A-845E-4269-AB8A-FFF562EC634F}.Debug|Any CPU.Build.0 = Debug|Any CPU
		{923F257A-845E-4269-AB8A-FFF562EC634F}.Release|Any CPU.ActiveCfg = Release|Any CPU
		{923F257A-845E-4269-AB8A-FFF562EC634F}.Release|Any CPU.Build.0 = Release|Any CPU
		{02FC3A43-E002-4FA3-844D-BE59F7397447}.Debug|Any CPU.ActiveCfg = Debug|Any CPU
		{02FC3A43-E002-4FA3-844D-BE59F7397447}.Debug|Any CPU.Build.0 = Debug|Any CPU
		{02FC3A43-E002-4FA3-844D-BE59F7397447}.Release|Any CPU.ActiveCfg = Release|Any CPU
		{02FC3A43-E002-4FA3-844D-BE59F7397447}.Release|Any CPU.Build.0 = Release|Any CPU
		{006C6CB4-61C0-4924-8804-0097141F2024}.Debug|Any CPU.ActiveCfg = Debug|Any CPU
		{006C6CB4-61C0-4924-8804-0097141F2024}.Debug|Any CPU.Build.0 = Debug|Any CPU
		{006C6CB4-61C0-4924-8804-0097141F2024}.Release|Any CPU.ActiveCfg = Release|Any CPU
		{006C6CB4-61C0-4924-8804-0097141F2024}.Release|Any CPU.Build.0 = Release|Any CPU
		{115F5F06-1FC6-4DBF-AF79-E04E4CF412ED}.Debug|Any CPU.ActiveCfg = Debug|Any CPU
		{115F5F06-1FC6-4DBF-AF79-E04E4CF412ED}.Debug|Any CPU.Build.0 = Debug|Any CPU
		{115F5F06-1FC6-4DBF-AF79-E04E4CF412ED}.Release|Any CPU.ActiveCfg = Release|Any CPU
		{115F5F06-1FC6-4DBF-AF79-E04E4CF412ED}.Release|Any CPU.Build.0 = Release|Any CPU
		{43888091-87E7-4A49-A07D-6FBB988BD46C}.Debug|Any CPU.ActiveCfg = Debug|Any CPU
		{43888091-87E7-4A49-A07D-6FBB988BD46C}.Debug|Any CPU.Build.0 = Debug|Any CPU
		{43888091-87E7-4A49-A07D-6FBB988BD46C}.Release|Any CPU.ActiveCfg = Release|Any CPU
		{43888091-87E7-4A49-A07D-6FBB988BD46C}.Release|Any CPU.Build.0 = Release|Any CPU
		{9B98E947-4724-41A4-B9DB-1F831D6C8FFF}.Debug|Any CPU.ActiveCfg = Debug|Any CPU
		{9B98E947-4724-41A4-B9DB-1F831D6C8FFF}.Debug|Any CPU.Build.0 = Debug|Any CPU
		{9B98E947-4724-41A4-B9DB-1F831D6C8FFF}.Release|Any CPU.ActiveCfg = Release|Any CPU
		{9B98E947-4724-41A4-B9DB-1F831D6C8FFF}.Release|Any CPU.Build.0 = Release|Any CPU
		{3B328D5B-1D55-4A03-9A25-E83F29BA5F57}.Debug|Any CPU.ActiveCfg = Debug|Any CPU
		{3B328D5B-1D55-4A03-9A25-E83F29BA5F57}.Debug|Any CPU.Build.0 = Debug|Any CPU
		{3B328D5B-1D55-4A03-9A25-E83F29BA5F57}.Release|Any CPU.ActiveCfg = Release|Any CPU
		{3B328D5B-1D55-4A03-9A25-E83F29BA5F57}.Release|Any CPU.Build.0 = Release|Any CPU
		{A4E166D5-9CB1-4431-BA11-2B5E62C0C0B7}.Debug|Any CPU.ActiveCfg = Debug|Any CPU
		{A4E166D5-9CB1-4431-BA11-2B5E62C0C0B7}.Debug|Any CPU.Build.0 = Debug|Any CPU
		{A4E166D5-9CB1-4431-BA11-2B5E62C0C0B7}.Release|Any CPU.ActiveCfg = Release|Any CPU
		{A4E166D5-9CB1-4431-BA11-2B5E62C0C0B7}.Release|Any CPU.Build.0 = Release|Any CPU
	EndGlobalSection
	GlobalSection(SolutionProperties) = preSolution
		HideSolutionNode = FALSE
	EndGlobalSection
	GlobalSection(NestedProjects) = preSolution
		{923F257A-845E-4269-AB8A-FFF562EC634F} = {A14C8A6B-F58F-4C04-B820-B0579FFCD735}
		{02FC3A43-E002-4FA3-844D-BE59F7397447} = {A14C8A6B-F58F-4C04-B820-B0579FFCD735}
		{006C6CB4-61C0-4924-8804-0097141F2024} = {A14C8A6B-F58F-4C04-B820-B0579FFCD735}
		{115F5F06-1FC6-4DBF-AF79-E04E4CF412ED} = {A14C8A6B-F58F-4C04-B820-B0579FFCD735}
		{43888091-87E7-4A49-A07D-6FBB988BD46C} = {A14C8A6B-F58F-4C04-B820-B0579FFCD735}
		{9B98E947-4724-41A4-B9DB-1F831D6C8FFF} = {E4704941-4160-4E34-B8F9-E31EC63C2B2F}
		{3B328D5B-1D55-4A03-9A25-E83F29BA5F57} = {E4704941-4160-4E34-B8F9-E31EC63C2B2F}
		{A4E166D5-9CB1-4431-BA11-2B5E62C0C0B7} = {A14C8A6B-F58F-4C04-B820-B0579FFCD735}
	EndGlobalSection
	GlobalSection(ExtensibilityGlobals) = postSolution
		SolutionGuid = {5E658CA9-DC0D-4168-968D-652E7FB6E63A}
	EndGlobalSection
EndGlobal
