
Microsoft Visual Studio Solution File, Format Version 12.00
# Visual Studio Version 17
VisualStudioVersion = 17.1.32414.318
MinimumVisualStudioVersion = 10.0.40219.1
Project("{FAE04EC0-301F-11D3-BF4B-00C04F79EFBC}") = "LiveSplit.ASLHelper", "LiveSplit.ASLHelper\LiveSplit.ASLHelper.csproj", "{CA83C324-63B7-475A-AA91-15C1A7F4AACC}"
EndProject
Global
	GlobalSection(SolutionConfigurationPlatforms) = preSolution
		Debug|Any CPU = Debug|Any CPU
		Release|Any CPU = Release|Any CPU
	EndGlobalSection
	GlobalSection(ProjectConfigurationPlatforms) = postSolution
		{CA83C324-63B7-475A-AA91-15C1A7F4AACC}.Debug|Any CPU.ActiveCfg = Debug|Any CPU
		{CA83C324-63B7-475A-AA91-15C1A7F4AACC}.Debug|Any CPU.Build.0 = Debug|Any CPU
		{CA83C324-63B7-475A-AA91-15C1A7F4AACC}.Release|Any CPU.ActiveCfg = Release|Any CPU
		{CA83C324-63B7-475A-AA91-15C1A7F4AACC}.Release|Any CPU.Build.0 = Release|Any CPU
	EndGlobalSection
	GlobalSection(SolutionProperties) = preSolution
		HideSolutionNode = FALSE
	EndGlobalSection
	GlobalSection(ExtensibilityGlobals) = postSolution
		SolutionGuid = {632ED30A-C9EC-4CCF-903D-AF93F4CDECAB}
	EndGlobalSection
EndGlobal
